
Microsoft Visual Studio Solution File, Format Version 12.00
# Visual Studio Version 17
VisualStudioVersion = 17.9.34728.123
MinimumVisualStudioVersion = 10.0.40219.1
Project("{FAE04EC0-301F-11D3-BF4B-00C04F79EFBC}") = "MaiorMenorDeIdade", "MaiorMenorDeIdade\MaiorMenorDeIdade.csproj", "{FFB5557C-4281-484F-BA3E-2FCB122C00DD}"
EndProject
Global
	GlobalSection(SolutionConfigurationPlatforms) = preSolution
		Debug|Any CPU = Debug|Any CPU
		Release|Any CPU = Release|Any CPU
	EndGlobalSection
	GlobalSection(ProjectConfigurationPlatforms) = postSolution
		{FFB5557C-4281-484F-BA3E-2FCB122C00DD}.Debug|Any CPU.ActiveCfg = Debug|Any CPU
		{FFB5557C-4281-484F-BA3E-2FCB122C00DD}.Debug|Any CPU.Build.0 = Debug|Any CPU
		{FFB5557C-4281-484F-BA3E-2FCB122C00DD}.Release|Any CPU.ActiveCfg = Release|Any CPU
		{FFB5557C-4281-484F-BA3E-2FCB122C00DD}.Release|Any CPU.Build.0 = Release|Any CPU
	EndGlobalSection
	GlobalSection(SolutionProperties) = preSolution
		HideSolutionNode = FALSE
	EndGlobalSection
	GlobalSection(ExtensibilityGlobals) = postSolution
		SolutionGuid = {98FBDA3F-1BAD-45CB-9FD4-CD0457F0445C}
	EndGlobalSection
EndGlobal
